// !$*UTF8*$!
{
	archiveVersion = 1;
	classes = {
	};
	objectVersion = 51;
	objects = {

/* Begin PBXBuildFile section */
		5FBDA26725F12EDA00BF12B8 /* AppDelegate.swift in Sources */ = {isa = PBXBuildFile; fileRef = 5FBDA26625F12EDA00BF12B8 /* AppDelegate.swift */; };
		5FBDA26925F12EDA00BF12B8 /* SceneDelegate.swift in Sources */ = {isa = PBXBuildFile; fileRef = 5FBDA26825F12EDA00BF12B8 /* SceneDelegate.swift */; };
		5FBDA26E25F12EDA00BF12B8 /* Main.storyboard in Resources */ = {isa = PBXBuildFile; fileRef = 5FBDA26C25F12EDA00BF12B8 /* Main.storyboard */; };
		5FBDA27025F12EDC00BF12B8 /* Assets.xcassets in Resources */ = {isa = PBXBuildFile; fileRef = 5FBDA26F25F12EDC00BF12B8 /* Assets.xcassets */; };
		5FBDA27325F12EDC00BF12B8 /* LaunchScreen.storyboard in Resources */ = {isa = PBXBuildFile; fileRef = 5FBDA27125F12EDC00BF12B8 /* LaunchScreen.storyboard */; };
		5FBDA27C25F12EFF00BF12B8 /* Model.swift in Sources */ = {isa = PBXBuildFile; fileRef = 5FBDA27B25F12EFF00BF12B8 /* Model.swift */; };
		5FBDA27F25F12F1700BF12B8 /* NetworkManager.swift in Sources */ = {isa = PBXBuildFile; fileRef = 5FBDA27E25F12F1700BF12B8 /* NetworkManager.swift */; };
		5FBDA28225F12F2700BF12B8 /* NewsTableViewController.swift in Sources */ = {isa = PBXBuildFile; fileRef = 5FBDA28125F12F2700BF12B8 /* NewsTableViewController.swift */; };
		5FBDA28825F2837D00BF12B8 /* DetailViewController.swift in Sources */ = {isa = PBXBuildFile; fileRef = 5FBDA28725F2837D00BF12B8 /* DetailViewController.swift */; };
		5FD69D7F25F78FEE009471B2 /* README.md in Resources */ = {isa = PBXBuildFile; fileRef = 5FD69D7E25F78FEE009471B2 /* README.md */; };
		ECBEB18D773BD42A0231DA63 /* Pods_HW2_11.framework in Frameworks */ = {isa = PBXBuildFile; fileRef = 0907A289B8CEAAE456C8D75C /* Pods_HW2_11.framework */; };
/* End PBXBuildFile section */

/* Begin PBXFileReference section */
		0907A289B8CEAAE456C8D75C /* Pods_HW2_11.framework */ = {isa = PBXFileReference; explicitFileType = wrapper.framework; includeInIndex = 0; path = Pods_HW2_11.framework; sourceTree = BUILT_PRODUCTS_DIR; };
		5FBDA26325F12EDA00BF12B8 /* HW2.11.app */ = {isa = PBXFileReference; explicitFileType = wrapper.application; includeInIndex = 0; path = HW2.11.app; sourceTree = BUILT_PRODUCTS_DIR; };
		5FBDA26625F12EDA00BF12B8 /* AppDelegate.swift */ = {isa = PBXFileReference; lastKnownFileType = sourcecode.swift; path = AppDelegate.swift; sourceTree = "<group>"; };
		5FBDA26825F12EDA00BF12B8 /* SceneDelegate.swift */ = {isa = PBXFileReference; lastKnownFileType = sourcecode.swift; path = SceneDelegate.swift; sourceTree = "<group>"; };
		5FBDA26D25F12EDA00BF12B8 /* Base */ = {isa = PBXFileReference; lastKnownFileType = file.storyboard; name = Base; path = Base.lproj/Main.storyboard; sourceTree = "<group>"; };
		5FBDA26F25F12EDC00BF12B8 /* Assets.xcassets */ = {isa = PBXFileReference; lastKnownFileType = folder.assetcatalog; path = Assets.xcassets; sourceTree = "<group>"; };
		5FBDA27225F12EDC00BF12B8 /* Base */ = {isa = PBXFileReference; lastKnownFileType = file.storyboard; name = Base; path = Base.lproj/LaunchScreen.storyboard; sourceTree = "<group>"; };
		5FBDA27425F12EDC00BF12B8 /* Info.plist */ = {isa = PBXFileReference; lastKnownFileType = text.plist.xml; path = Info.plist; sourceTree = "<group>"; };
		5FBDA27B25F12EFF00BF12B8 /* Model.swift */ = {isa = PBXFileReference; lastKnownFileType = sourcecode.swift; path = Model.swift; sourceTree = "<group>"; };
		5FBDA27E25F12F1700BF12B8 /* NetworkManager.swift */ = {isa = PBXFileReference; lastKnownFileType = sourcecode.swift; path = NetworkManager.swift; sourceTree = "<group>"; };
		5FBDA28125F12F2700BF12B8 /* NewsTableViewController.swift */ = {isa = PBXFileReference; lastKnownFileType = sourcecode.swift; path = NewsTableViewController.swift; sourceTree = "<group>"; };
		5FBDA28725F2837D00BF12B8 /* DetailViewController.swift */ = {isa = PBXFileReference; lastKnownFileType = sourcecode.swift; path = DetailViewController.swift; sourceTree = "<group>"; };
		5FD69D7E25F78FEE009471B2 /* README.md */ = {isa = PBXFileReference; fileEncoding = 4; lastKnownFileType = net.daringfireball.markdown; name = README.md; path = "../../Documents/swift/Flash-Chat-iOS13/README.md"; sourceTree = "<group>"; };
		92039D22A3C3E5424F30225F /* Pods-HW2.11.release.xcconfig */ = {isa = PBXFileReference; includeInIndex = 1; lastKnownFileType = text.xcconfig; name = "Pods-HW2.11.release.xcconfig"; path = "Target Support Files/Pods-HW2.11/Pods-HW2.11.release.xcconfig"; sourceTree = "<group>"; };
		946DD293978DDD66C2968AA7 /* Pods-HW2.11.debug.xcconfig */ = {isa = PBXFileReference; includeInIndex = 1; lastKnownFileType = text.xcconfig; name = "Pods-HW2.11.debug.xcconfig"; path = "Target Support Files/Pods-HW2.11/Pods-HW2.11.debug.xcconfig"; sourceTree = "<group>"; };
/* End PBXFileReference section */

/* Begin PBXFrameworksBuildPhase section */
		5FBDA26025F12EDA00BF12B8 /* Frameworks */ = {
			isa = PBXFrameworksBuildPhase;
			buildActionMask = 2147483647;
			files = (
				ECBEB18D773BD42A0231DA63 /* Pods_HW2_11.framework in Frameworks */,
			);
			runOnlyForDeploymentPostprocessing = 0;
		};
/* End PBXFrameworksBuildPhase section */

/* Begin PBXGroup section */
		52BF93FC79BCC6D87C724202 /* Pods */ = {
			isa = PBXGroup;
			children = (
				946DD293978DDD66C2968AA7 /* Pods-HW2.11.debug.xcconfig */,
				92039D22A3C3E5424F30225F /* Pods-HW2.11.release.xcconfig */,
			);
			path = Pods;
			sourceTree = "<group>";
		};
		5FBDA25A25F12EDA00BF12B8 = {
			isa = PBXGroup;
			children = (
				5FD69D7E25F78FEE009471B2 /* README.md */,
				5FBDA26525F12EDA00BF12B8 /* HW2.11 */,
				5FBDA26425F12EDA00BF12B8 /* Products */,
				52BF93FC79BCC6D87C724202 /* Pods */,
				F378555370C65D8901536F74 /* Frameworks */,
			);
			sourceTree = "<group>";
		};
		5FBDA26425F12EDA00BF12B8 /* Products */ = {
			isa = PBXGroup;
			children = (
				5FBDA26325F12EDA00BF12B8 /* HW2.11.app */,
			);
			name = Products;
			sourceTree = "<group>";
		};
		5FBDA26525F12EDA00BF12B8 /* HW2.11 */ = {
			isa = PBXGroup;
			children = (
				5FBDA26625F12EDA00BF12B8 /* AppDelegate.swift */,
				5FBDA26825F12EDA00BF12B8 /* SceneDelegate.swift */,
				5FBDA2A425F4A50700BF12B8 /* Controllers */,
				5FBDA2A225F4A4F400BF12B8 /* Models */,
				5FBDA2A625F4A51E00BF12B8 /* Vews */,
				5FBDA27E25F12F1700BF12B8 /* NetworkManager.swift */,
				5FBDA26F25F12EDC00BF12B8 /* Assets.xcassets */,
				5FBDA27425F12EDC00BF12B8 /* Info.plist */,
			);
			path = HW2.11;
			sourceTree = "<group>";
		};
		5FBDA2A225F4A4F400BF12B8 /* Models */ = {
			isa = PBXGroup;
			children = (
				5FBDA27B25F12EFF00BF12B8 /* Model.swift */,
			);
			path = Models;
			sourceTree = "<group>";
		};
		5FBDA2A425F4A50700BF12B8 /* Controllers */ = {
			isa = PBXGroup;
			children = (
				5FBDA28725F2837D00BF12B8 /* DetailViewController.swift */,
				5FBDA28125F12F2700BF12B8 /* NewsTableViewController.swift */,
			);
			path = Controllers;
			sourceTree = "<group>";
		};
		5FBDA2A625F4A51E00BF12B8 /* Vews */ = {
			isa = PBXGroup;
			children = (
				5FBDA26C25F12EDA00BF12B8 /* Main.storyboard */,
				5FBDA27125F12EDC00BF12B8 /* LaunchScreen.storyboard */,
			);
			path = Vews;
			sourceTree = "<group>";
		};
		F378555370C65D8901536F74 /* Frameworks */ = {
			isa = PBXGroup;
			children = (
				0907A289B8CEAAE456C8D75C /* Pods_HW2_11.framework */,
			);
			name = Frameworks;
			sourceTree = "<group>";
		};
/* End PBXGroup section */

/* Begin PBXNativeTarget section */
		5FBDA26225F12EDA00BF12B8 /* HW2.11 */ = {
			isa = PBXNativeTarget;
			buildConfigurationList = 5FBDA27725F12EDC00BF12B8 /* Build configuration list for PBXNativeTarget "HW2.11" */;
			buildPhases = (
				7CC5CE3C4ED29557C2707E11 /* [CP] Check Pods Manifest.lock */,
				5FBDA25F25F12EDA00BF12B8 /* Sources */,
				5FBDA26025F12EDA00BF12B8 /* Frameworks */,
				5FBDA26125F12EDA00BF12B8 /* Resources */,
				F81A8417A4AD8F3B982B0D03 /* [CP] Embed Pods Frameworks */,
			);
			buildRules = (
			);
			dependencies = (
			);
			name = HW2.11;
			productName = HW2.11;
			productReference = 5FBDA26325F12EDA00BF12B8 /* HW2.11.app */;
			productType = "com.apple.product-type.application";
		};
/* End PBXNativeTarget section */

/* Begin PBXProject section */
		5FBDA25B25F12EDA00BF12B8 /* Project object */ = {
			isa = PBXProject;
			attributes = {
				LastSwiftUpdateCheck = 1240;
				LastUpgradeCheck = 1240;
				TargetAttributes = {
					5FBDA26225F12EDA00BF12B8 = {
						CreatedOnToolsVersion = 12.4;
					};
				};
			};
			buildConfigurationList = 5FBDA25E25F12EDA00BF12B8 /* Build configuration list for PBXProject "HW2.11" */;
			compatibilityVersion = "Xcode 9.3";
			developmentRegion = en;
			hasScannedForEncodings = 0;
			knownRegions = (
				en,
				Base,
			);
			mainGroup = 5FBDA25A25F12EDA00BF12B8;
			productRefGroup = 5FBDA26425F12EDA00BF12B8 /* Products */;
			projectDirPath = "";
			projectRoot = "";
			targets = (
				5FBDA26225F12EDA00BF12B8 /* HW2.11 */,
			);
		};
/* End PBXProject section */

/* Begin PBXResourcesBuildPhase section */
		5FBDA26125F12EDA00BF12B8 /* Resources */ = {
			isa = PBXResourcesBuildPhase;
			buildActionMask = 2147483647;
			files = (
				5FBDA27325F12EDC00BF12B8 /* LaunchScreen.storyboard in Resources */,
				5FBDA27025F12EDC00BF12B8 /* Assets.xcassets in Resources */,
				5FD69D7F25F78FEE009471B2 /* README.md in Resources */,
				5FBDA26E25F12EDA00BF12B8 /* Main.storyboard in Resources */,
			);
			runOnlyForDeploymentPostprocessing = 0;
		};
/* End PBXResourcesBuildPhase section */

/* Begin PBXShellScriptBuildPhase section */
		7CC5CE3C4ED29557C2707E11 /* [CP] Check Pods Manifest.lock */ = {
			isa = PBXShellScriptBuildPhase;
			buildActionMask = 2147483647;
			files = (
			);
			inputFileListPaths = (
			);
			inputPaths = (
				"${PODS_PODFILE_DIR_PATH}/Podfile.lock",
				"${PODS_ROOT}/Manifest.lock",
			);
			name = "[CP] Check Pods Manifest.lock";
			outputFileListPaths = (
			);
			outputPaths = (
				"$(DERIVED_FILE_DIR)/Pods-HW2.11-checkManifestLockResult.txt",
			);
			runOnlyForDeploymentPostprocessing = 0;
			shellPath = /bin/sh;
			shellScript = "diff \"${PODS_PODFILE_DIR_PATH}/Podfile.lock\" \"${PODS_ROOT}/Manifest.lock\" > /dev/null\nif [ $? != 0 ] ; then\n    # print error to STDERR\n    echo \"error: The sandbox is not in sync with the Podfile.lock. Run 'pod install' or update your CocoaPods installation.\" >&2\n    exit 1\nfi\n# This output is used by Xcode 'outputs' to avoid re-running this script phase.\necho \"SUCCESS\" > \"${SCRIPT_OUTPUT_FILE_0}\"\n";
			showEnvVarsInLog = 0;
		};
		F81A8417A4AD8F3B982B0D03 /* [CP] Embed Pods Frameworks */ = {
			isa = PBXShellScriptBuildPhase;
			buildActionMask = 2147483647;
			files = (
			);
			inputFileListPaths = (
				"${PODS_ROOT}/Target Support Files/Pods-HW2.11/Pods-HW2.11-frameworks-${CONFIGURATION}-input-files.xcfilelist",
			);
			name = "[CP] Embed Pods Frameworks";
			outputFileListPaths = (
				"${PODS_ROOT}/Target Support Files/Pods-HW2.11/Pods-HW2.11-frameworks-${CONFIGURATION}-output-files.xcfilelist",
			);
			runOnlyForDeploymentPostprocessing = 0;
			shellPath = /bin/sh;
			shellScript = "\"${PODS_ROOT}/Target Support Files/Pods-HW2.11/Pods-HW2.11-frameworks.sh\"\n";
			showEnvVarsInLog = 0;
		};
/* End PBXShellScriptBuildPhase section */

/* Begin PBXSourcesBuildPhase section */
		5FBDA25F25F12EDA00BF12B8 /* Sources */ = {
			isa = PBXSourcesBuildPhase;
			buildActionMask = 2147483647;
			files = (
				5FBDA26725F12EDA00BF12B8 /* AppDelegate.swift in Sources */,
				5FBDA28225F12F2700BF12B8 /* NewsTableViewController.swift in Sources */,
				5FBDA27F25F12F1700BF12B8 /* NetworkManager.swift in Sources */,
				5FBDA26925F12EDA00BF12B8 /* SceneDelegate.swift in Sources */,
				5FBDA27C25F12EFF00BF12B8 /* Model.swift in Sources */,
				5FBDA28825F2837D00BF12B8 /* DetailViewController.swift in Sources */,
			);
			runOnlyForDeploymentPostprocessing = 0;
		};
/* End PBXSourcesBuildPhase section */

/* Begin PBXVariantGroup section */
		5FBDA26C25F12EDA00BF12B8 /* Main.storyboard */ = {
			isa = PBXVariantGroup;
			children = (
				5FBDA26D25F12EDA00BF12B8 /* Base */,
			);
			name = Main.storyboard;
			sourceTree = "<group>";
		};
		5FBDA27125F12EDC00BF12B8 /* LaunchScreen.storyboard */ = {
			isa = PBXVariantGroup;
			children = (
				5FBDA27225F12EDC00BF12B8 /* Base */,
			);
			name = LaunchScreen.storyboard;
			sourceTree = "<group>";
		};
/* End PBXVariantGroup section */

/* Begin XCBuildConfiguration section */
		5FBDA27525F12EDC00BF12B8 /* Debug */ = {
			isa = XCBuildConfiguration;
			buildSettings = {
				ALWAYS_SEARCH_USER_PATHS = NO;
				CLANG_ANALYZER_NONNULL = YES;
				CLANG_ANALYZER_NUMBER_OBJECT_CONVERSION = YES_AGGRESSIVE;
				CLANG_CXX_LANGUAGE_STANDARD = "gnu++14";
				CLANG_CXX_LIBRARY = "libc++";
				CLANG_ENABLE_MODULES = YES;
				CLANG_ENABLE_OBJC_ARC = YES;
				CLANG_ENABLE_OBJC_WEAK = YES;
				CLANG_WARN_BLOCK_CAPTURE_AUTORELEASING = YES;
				CLANG_WARN_BOOL_CONVERSION = YES;
				CLANG_WARN_COMMA = YES;
				CLANG_WARN_CONSTANT_CONVERSION = YES;
				CLANG_WARN_DEPRECATED_OBJC_IMPLEMENTATIONS = YES;
				CLANG_WARN_DIRECT_OBJC_ISA_USAGE = YES_ERROR;
				CLANG_WARN_DOCUMENTATION_COMMENTS = YES;
				CLANG_WARN_EMPTY_BODY = YES;
				CLANG_WARN_ENUM_CONVERSION = YES;
				CLANG_WARN_INFINITE_RECURSION = YES;
				CLANG_WARN_INT_CONVERSION = YES;
				CLANG_WARN_NON_LITERAL_NULL_CONVERSION = YES;
				CLANG_WARN_OBJC_IMPLICIT_RETAIN_SELF = YES;
				CLANG_WARN_OBJC_LITERAL_CONVERSION = YES;
				CLANG_WARN_OBJC_ROOT_CLASS = YES_ERROR;
				CLANG_WARN_QUOTED_INCLUDE_IN_FRAMEWORK_HEADER = YES;
				CLANG_WARN_RANGE_LOOP_ANALYSIS = YES;
				CLANG_WARN_STRICT_PROTOTYPES = YES;
				CLANG_WARN_SUSPICIOUS_MOVE = YES;
				CLANG_WARN_UNGUARDED_AVAILABILITY = YES_AGGRESSIVE;
				CLANG_WARN_UNREACHABLE_CODE = YES;
				CLANG_WARN__DUPLICATE_METHOD_MATCH = YES;
				COPY_PHASE_STRIP = NO;
				DEBUG_INFORMATION_FORMAT = dwarf;
				ENABLE_STRICT_OBJC_MSGSEND = YES;
				ENABLE_TESTABILITY = YES;
				GCC_C_LANGUAGE_STANDARD = gnu11;
				GCC_DYNAMIC_NO_PIC = NO;
				GCC_NO_COMMON_BLOCKS = YES;
				GCC_OPTIMIZATION_LEVEL = 0;
				GCC_PREPROCESSOR_DEFINITIONS = (
					"DEBUG=1",
					"$(inherited)",
				);
				GCC_WARN_64_TO_32_BIT_CONVERSION = YES;
				GCC_WARN_ABOUT_RETURN_TYPE = YES_ERROR;
				GCC_WARN_UNDECLARED_SELECTOR = YES;
				GCC_WARN_UNINITIALIZED_AUTOS = YES_AGGRESSIVE;
				GCC_WARN_UNUSED_FUNCTION = YES;
				GCC_WARN_UNUSED_VARIABLE = YES;
				IPHONEOS_DEPLOYMENT_TARGET = 14.4;
				MTL_ENABLE_DEBUG_INFO = INCLUDE_SOURCE;
				MTL_FAST_MATH = YES;
				ONLY_ACTIVE_ARCH = YES;
				SDKROOT = iphoneos;
				SWIFT_ACTIVE_COMPILATION_CONDITIONS = DEBUG;
				SWIFT_OPTIMIZATION_LEVEL = "-Onone";
			};
			name = Debug;
		};
		5FBDA27625F12EDC00BF12B8 /* Release */ = {
			isa = XCBuildConfiguration;
			buildSettings = {
				ALWAYS_SEARCH_USER_PATHS = NO;
				CLANG_ANALYZER_NONNULL = YES;
				CLANG_ANALYZER_NUMBER_OBJECT_CONVERSION = YES_AGGRESSIVE;
				CLANG_CXX_LANGUAGE_STANDARD = "gnu++14";
				CLANG_CXX_LIBRARY = "libc++";
				CLANG_ENABLE_MODULES = YES;
				CLANG_ENABLE_OBJC_ARC = YES;
				CLANG_ENABLE_OBJC_WEAK = YES;
				CLANG_WARN_BLOCK_CAPTURE_AUTORELEASING = YES;
				CLANG_WARN_BOOL_CONVERSION = YES;
				CLANG_WARN_COMMA = YES;
				CLANG_WARN_CONSTANT_CONVERSION = YES;
				CLANG_WARN_DEPRECATED_OBJC_IMPLEMENTATIONS = YES;
				CLANG_WARN_DIRECT_OBJC_ISA_USAGE = YES_ERROR;
				CLANG_WARN_DOCUMENTATION_COMMENTS = YES;
				CLANG_WARN_EMPTY_BODY = YES;
				CLANG_WARN_ENUM_CONVERSION = YES;
				CLANG_WARN_INFINITE_RECURSION = YES;
				CLANG_WARN_INT_CONVERSION = YES;
				CLANG_WARN_NON_LITERAL_NULL_CONVERSION = YES;
				CLANG_WARN_OBJC_IMPLICIT_RETAIN_SELF = YES;
				CLANG_WARN_OBJC_LITERAL_CONVERSION = YES;
				CLANG_WARN_OBJC_ROOT_CLASS = YES_ERROR;
				CLANG_WARN_QUOTED_INCLUDE_IN_FRAMEWORK_HEADER = YES;
				CLANG_WARN_RANGE_LOOP_ANALYSIS = YES;
				CLANG_WARN_STRICT_PROTOTYPES = YES;
				CLANG_WARN_SUSPICIOUS_MOVE = YES;
				CLANG_WARN_UNGUARDED_AVAILABILITY = YES_AGGRESSIVE;
				CLANG_WARN_UNREACHABLE_CODE = YES;
				CLANG_WARN__DUPLICATE_METHOD_MATCH = YES;
				COPY_PHASE_STRIP = NO;
				DEBUG_INFORMATION_FORMAT = "dwarf-with-dsym";
				ENABLE_NS_ASSERTIONS = NO;
				ENABLE_STRICT_OBJC_MSGSEND = YES;
				GCC_C_LANGUAGE_STANDARD = gnu11;
				GCC_NO_COMMON_BLOCKS = YES;
				GCC_WARN_64_TO_32_BIT_CONVERSION = YES;
				GCC_WARN_ABOUT_RETURN_TYPE = YES_ERROR;
				GCC_WARN_UNDECLARED_SELECTOR = YES;
				GCC_WARN_UNINITIALIZED_AUTOS = YES_AGGRESSIVE;
				GCC_WARN_UNUSED_FUNCTION = YES;
				GCC_WARN_UNUSED_VARIABLE = YES;
				IPHONEOS_DEPLOYMENT_TARGET = 14.4;
				MTL_ENABLE_DEBUG_INFO = NO;
				MTL_FAST_MATH = YES;
				SDKROOT = iphoneos;
				SWIFT_COMPILATION_MODE = wholemodule;
				SWIFT_OPTIMIZATION_LEVEL = "-O";
				VALIDATE_PRODUCT = YES;
			};
			name = Release;
		};
		5FBDA27825F12EDC00BF12B8 /* Debug */ = {
			isa = XCBuildConfiguration;
			baseConfigurationReference = 946DD293978DDD66C2968AA7 /* Pods-HW2.11.debug.xcconfig */;
			buildSettings = {
				ASSETCATALOG_COMPILER_APPICON_NAME = AppIcon;
				ASSETCATALOG_COMPILER_GLOBAL_ACCENT_COLOR_NAME = AccentColor;
				CODE_SIGN_STYLE = Automatic;
				INFOPLIST_FILE = HW2.11/Info.plist;
				LD_RUNPATH_SEARCH_PATHS = (
					"$(inherited)",
					"@executable_path/Frameworks",
				);
				PRODUCT_BUNDLE_IDENTIFIER = "i.moiseeva.HW2-11";
				PRODUCT_NAME = "$(TARGET_NAME)";
				SWIFT_VERSION = 5.0;
				TARGETED_DEVICE_FAMILY = "1,2";
			};
			name = Debug;
		};
		5FBDA27925F12EDC00BF12B8 /* Release */ = {
			isa = XCBuildConfiguration;
			baseConfigurationReference = 92039D22A3C3E5424F30225F /* Pods-HW2.11.release.xcconfig */;
			buildSettings = {
				ASSETCATALOG_COMPILER_APPICON_NAME = AppIcon;
				ASSETCATALOG_COMPILER_GLOBAL_ACCENT_COLOR_NAME = AccentColor;
				CODE_SIGN_STYLE = Automatic;
				INFOPLIST_FILE = HW2.11/Info.plist;
				LD_RUNPATH_SEARCH_PATHS = (
					"$(inherited)",
					"@executable_path/Frameworks",
				);
				PRODUCT_BUNDLE_IDENTIFIER = "i.moiseeva.HW2-11";
				PRODUCT_NAME = "$(TARGET_NAME)";
				SWIFT_VERSION = 5.0;
				TARGETED_DEVICE_FAMILY = "1,2";
			};
			name = Release;
		};
/* End XCBuildConfiguration section */

/* Begin XCConfigurationList section */
		5FBDA25E25F12EDA00BF12B8 /* Build configuration list for PBXProject "HW2.11" */ = {
			isa = XCConfigurationList;
			buildConfigurations = (
				5FBDA27525F12EDC00BF12B8 /* Debug */,
				5FBDA27625F12EDC00BF12B8 /* Release */,
			);
			defaultConfigurationIsVisible = 0;
			defaultConfigurationName = Release;
		};
		5FBDA27725F12EDC00BF12B8 /* Build configuration list for PBXNativeTarget "HW2.11" */ = {
			isa = XCConfigurationList;
			buildConfigurations = (
				5FBDA27825F12EDC00BF12B8 /* Debug */,
				5FBDA27925F12EDC00BF12B8 /* Release */,
			);
			defaultConfigurationIsVisible = 0;
			defaultConfigurationName = Release;
		};
/* End XCConfigurationList section */
	};
	rootObject = 5FBDA25B25F12EDA00BF12B8 /* Project object */;
}
